// !$*UTF8*$!
{
	archiveVersion = 1;
	classes = {
	};
	objectVersion = 46;
	objects = {

/* Begin PBXBuildFile section */
		048187C06B8B1C6123DBB2F7 /* libPods-RSSReader.a in Frameworks */ = {isa = PBXBuildFile; fileRef = C97BE729CD8F2312B81C30A5 /* libPods-RSSReader.a */; };
		604CD966C70C2D3EC644D48F /* libPods-RSSReaderTests.a in Frameworks */ = {isa = PBXBuildFile; fileRef = A224C0964775C33806645F9A /* libPods-RSSReaderTests.a */; };
		621F13891B42E554001A97A8 /* UITest.m in Sources */ = {isa = PBXBuildFile; fileRef = 621F13881B42E554001A97A8 /* UITest.m */; };
		622722881B1DEA620050CFAD /* main.m in Sources */ = {isa = PBXBuildFile; fileRef = 622722871B1DEA620050CFAD /* main.m */; };
		6227228B1B1DEA620050CFAD /* AppDelegate.m in Sources */ = {isa = PBXBuildFile; fileRef = 6227228A1B1DEA620050CFAD /* AppDelegate.m */; };
		6227228E1B1DEA620050CFAD /* RSSReader.xcdatamodeld in Sources */ = {isa = PBXBuildFile; fileRef = 6227228C1B1DEA620050CFAD /* RSSReader.xcdatamodeld */; };
		622722911B1DEA620050CFAD /* MasterViewController.m in Sources */ = {isa = PBXBuildFile; fileRef = 622722901B1DEA620050CFAD /* MasterViewController.m */; };
		622722941B1DEA620050CFAD /* DetailViewController.m in Sources */ = {isa = PBXBuildFile; fileRef = 622722931B1DEA620050CFAD /* DetailViewController.m */; };
		622722971B1DEA620050CFAD /* Main.storyboard in Resources */ = {isa = PBXBuildFile; fileRef = 622722951B1DEA620050CFAD /* Main.storyboard */; };
		622722991B1DEA620050CFAD /* Images.xcassets in Resources */ = {isa = PBXBuildFile; fileRef = 622722981B1DEA620050CFAD /* Images.xcassets */; };
		6227229C1B1DEA620050CFAD /* LaunchScreen.xib in Resources */ = {isa = PBXBuildFile; fileRef = 6227229A1B1DEA620050CFAD /* LaunchScreen.xib */; };
		62302F221B30853600FF1C60 /* browser.png in Resources */ = {isa = PBXBuildFile; fileRef = 62302F211B30853600FF1C60 /* browser.png */; };
		625199AF1B25D79D00D748CD /* FeedCell.m in Sources */ = {isa = PBXBuildFile; fileRef = 625199AE1B25D79D00D748CD /* FeedCell.m */; };
		625E1D221B415AB3004AB1BE /* FeedParserTest.m in Sources */ = {isa = PBXBuildFile; fileRef = 625E1D211B415AB3004AB1BE /* FeedParserTest.m */; };
		625E1D241B415D28004AB1BE /* FeedTest.m in Sources */ = {isa = PBXBuildFile; fileRef = 625E1D231B415D28004AB1BE /* FeedTest.m */; };
		625E1D261B41658F004AB1BE /* Feed+CounterTest.m in Sources */ = {isa = PBXBuildFile; fileRef = 625E1D251B41658F004AB1BE /* Feed+CounterTest.m */; };
		629A185E1B39945A001547D7 /* TitleCell.m in Sources */ = {isa = PBXBuildFile; fileRef = 629A185D1B39945A001547D7 /* TitleCell.m */; };
		62D4E8C11B3AF88100BCE8B1 /* Feed.m in Sources */ = {isa = PBXBuildFile; fileRef = 62D4E8BE1B3AF88100BCE8B1 /* Feed.m */; };
		62D4E8C21B3AF88100BCE8B1 /* Article.m in Sources */ = {isa = PBXBuildFile; fileRef = 62D4E8C01B3AF88100BCE8B1 /* Article.m */; };
		62D4E8C81B3AFBD700BCE8B1 /* Feed+Counter.m in Sources */ = {isa = PBXBuildFile; fileRef = 62D4E8C71B3AFBD700BCE8B1 /* Feed+Counter.m */; };
		62D4E8CE1B3AFC9A00BCE8B1 /* FeedParser.m in Sources */ = {isa = PBXBuildFile; fileRef = 62D4E8CD1B3AFC9A00BCE8B1 /* FeedParser.m */; };
		62F484621B25E545003FF322 /* ArticleCell.m in Sources */ = {isa = PBXBuildFile; fileRef = 62F484611B25E545003FF322 /* ArticleCell.m */; };
/* End PBXBuildFile section */

/* Begin PBXContainerItemProxy section */
		622722A21B1DEA620050CFAD /* PBXContainerItemProxy */ = {
			isa = PBXContainerItemProxy;
			containerPortal = 6227227A1B1DEA620050CFAD /* Project object */;
			proxyType = 1;
			remoteGlobalIDString = 622722811B1DEA620050CFAD;
			remoteInfo = RSSReader;
		};
/* End PBXContainerItemProxy section */

/* Begin PBXFileReference section */
		00000420862645F9F405600A /* Pods-RSSReaderTests.release.xcconfig */ = {isa = PBXFileReference; includeInIndex = 1; lastKnownFileType = text.xcconfig; name = "Pods-RSSReaderTests.release.xcconfig"; path = "Pods/Target Support Files/Pods-RSSReaderTests/Pods-RSSReaderTests.release.xcconfig"; sourceTree = "<group>"; };
		621F13881B42E554001A97A8 /* UITest.m */ = {isa = PBXFileReference; fileEncoding = 4; lastKnownFileType = sourcecode.c.objc; path = UITest.m; sourceTree = "<group>"; };
		622722821B1DEA620050CFAD /* RSSReader.app */ = {isa = PBXFileReference; explicitFileType = wrapper.application; includeInIndex = 0; path = RSSReader.app; sourceTree = BUILT_PRODUCTS_DIR; };
		622722861B1DEA620050CFAD /* Info.plist */ = {isa = PBXFileReference; lastKnownFileType = text.plist.xml; path = Info.plist; sourceTree = "<group>"; };
		622722871B1DEA620050CFAD /* main.m */ = {isa = PBXFileReference; lastKnownFileType = sourcecode.c.objc; path = main.m; sourceTree = "<group>"; };
		622722891B1DEA620050CFAD /* AppDelegate.h */ = {isa = PBXFileReference; lastKnownFileType = sourcecode.c.h; path = AppDelegate.h; sourceTree = "<group>"; };
		6227228A1B1DEA620050CFAD /* AppDelegate.m */ = {isa = PBXFileReference; lastKnownFileType = sourcecode.c.objc; path = AppDelegate.m; sourceTree = "<group>"; };
		6227228D1B1DEA620050CFAD /* RSSReader.xcdatamodel */ = {isa = PBXFileReference; lastKnownFileType = wrapper.xcdatamodel; path = RSSReader.xcdatamodel; sourceTree = "<group>"; };
		6227228F1B1DEA620050CFAD /* MasterViewController.h */ = {isa = PBXFileReference; lastKnownFileType = sourcecode.c.h; path = MasterViewController.h; sourceTree = "<group>"; };
		622722901B1DEA620050CFAD /* MasterViewController.m */ = {isa = PBXFileReference; lastKnownFileType = sourcecode.c.objc; path = MasterViewController.m; sourceTree = "<group>"; };
		622722921B1DEA620050CFAD /* DetailViewController.h */ = {isa = PBXFileReference; lastKnownFileType = sourcecode.c.h; path = DetailViewController.h; sourceTree = "<group>"; };
		622722931B1DEA620050CFAD /* DetailViewController.m */ = {isa = PBXFileReference; lastKnownFileType = sourcecode.c.objc; path = DetailViewController.m; sourceTree = "<group>"; };
		622722961B1DEA620050CFAD /* Base */ = {isa = PBXFileReference; lastKnownFileType = file.storyboard; name = Base; path = Base.lproj/Main.storyboard; sourceTree = "<group>"; };
		622722981B1DEA620050CFAD /* Images.xcassets */ = {isa = PBXFileReference; lastKnownFileType = folder.assetcatalog; path = Images.xcassets; sourceTree = "<group>"; };
		6227229B1B1DEA620050CFAD /* Base */ = {isa = PBXFileReference; lastKnownFileType = file.xib; name = Base; path = Base.lproj/LaunchScreen.xib; sourceTree = "<group>"; };
		622722A11B1DEA620050CFAD /* RSSReaderTests.xctest */ = {isa = PBXFileReference; explicitFileType = wrapper.cfbundle; includeInIndex = 0; path = RSSReaderTests.xctest; sourceTree = BUILT_PRODUCTS_DIR; };
		622722A61B1DEA620050CFAD /* Info.plist */ = {isa = PBXFileReference; lastKnownFileType = text.plist.xml; path = Info.plist; sourceTree = "<group>"; };
		62302F211B30853600FF1C60 /* browser.png */ = {isa = PBXFileReference; lastKnownFileType = image.png; path = browser.png; sourceTree = "<group>"; };
		625199AD1B25D79D00D748CD /* FeedCell.h */ = {isa = PBXFileReference; fileEncoding = 4; lastKnownFileType = sourcecode.c.h; path = FeedCell.h; sourceTree = "<group>"; };
		625199AE1B25D79D00D748CD /* FeedCell.m */ = {isa = PBXFileReference; fileEncoding = 4; lastKnownFileType = sourcecode.c.objc; path = FeedCell.m; sourceTree = "<group>"; };
		625E1D211B415AB3004AB1BE /* FeedParserTest.m */ = {isa = PBXFileReference; fileEncoding = 4; lastKnownFileType = sourcecode.c.objc; path = FeedParserTest.m; sourceTree = "<group>"; };
		625E1D231B415D28004AB1BE /* FeedTest.m */ = {isa = PBXFileReference; fileEncoding = 4; lastKnownFileType = sourcecode.c.objc; path = FeedTest.m; sourceTree = "<group>"; };
		625E1D251B41658F004AB1BE /* Feed+CounterTest.m */ = {isa = PBXFileReference; fileEncoding = 4; lastKnownFileType = sourcecode.c.objc; path = "Feed+CounterTest.m"; sourceTree = "<group>"; };
		629A185C1B39945A001547D7 /* TitleCell.h */ = {isa = PBXFileReference; fileEncoding = 4; lastKnownFileType = sourcecode.c.h; path = TitleCell.h; sourceTree = "<group>"; };
		629A185D1B39945A001547D7 /* TitleCell.m */ = {isa = PBXFileReference; fileEncoding = 4; lastKnownFileType = sourcecode.c.objc; path = TitleCell.m; sourceTree = "<group>"; };
		62D4E8BD1B3AF88100BCE8B1 /* Feed.h */ = {isa = PBXFileReference; fileEncoding = 4; lastKnownFileType = sourcecode.c.h; path = Feed.h; sourceTree = "<group>"; };
		62D4E8BE1B3AF88100BCE8B1 /* Feed.m */ = {isa = PBXFileReference; fileEncoding = 4; lastKnownFileType = sourcecode.c.objc; path = Feed.m; sourceTree = "<group>"; };
		62D4E8BF1B3AF88100BCE8B1 /* Article.h */ = {isa = PBXFileReference; fileEncoding = 4; lastKnownFileType = sourcecode.c.h; path = Article.h; sourceTree = "<group>"; };
		62D4E8C01B3AF88100BCE8B1 /* Article.m */ = {isa = PBXFileReference; fileEncoding = 4; lastKnownFileType = sourcecode.c.objc; path = Article.m; sourceTree = "<group>"; };
		62D4E8C61B3AFBD700BCE8B1 /* Feed+Counter.h */ = {isa = PBXFileReference; fileEncoding = 4; lastKnownFileType = sourcecode.c.h; path = "Feed+Counter.h"; sourceTree = "<group>"; };
		62D4E8C71B3AFBD700BCE8B1 /* Feed+Counter.m */ = {isa = PBXFileReference; fileEncoding = 4; lastKnownFileType = sourcecode.c.objc; path = "Feed+Counter.m"; sourceTree = "<group>"; };
		62D4E8CC1B3AFC9A00BCE8B1 /* FeedParser.h */ = {isa = PBXFileReference; fileEncoding = 4; lastKnownFileType = sourcecode.c.h; path = FeedParser.h; sourceTree = "<group>"; };
		62D4E8CD1B3AFC9A00BCE8B1 /* FeedParser.m */ = {isa = PBXFileReference; fileEncoding = 4; lastKnownFileType = sourcecode.c.objc; path = FeedParser.m; sourceTree = "<group>"; };
		62F484601B25E545003FF322 /* ArticleCell.h */ = {isa = PBXFileReference; fileEncoding = 4; lastKnownFileType = sourcecode.c.h; path = ArticleCell.h; sourceTree = "<group>"; };
		62F484611B25E545003FF322 /* ArticleCell.m */ = {isa = PBXFileReference; fileEncoding = 4; lastKnownFileType = sourcecode.c.objc; path = ArticleCell.m; sourceTree = "<group>"; };
		874B4E00D45AD0862B44E9EB /* Pods-RSSReader.release.xcconfig */ = {isa = PBXFileReference; includeInIndex = 1; lastKnownFileType = text.xcconfig; name = "Pods-RSSReader.release.xcconfig"; path = "Pods/Target Support Files/Pods-RSSReader/Pods-RSSReader.release.xcconfig"; sourceTree = "<group>"; };
		A224C0964775C33806645F9A /* libPods-RSSReaderTests.a */ = {isa = PBXFileReference; explicitFileType = archive.ar; includeInIndex = 0; path = "libPods-RSSReaderTests.a"; sourceTree = BUILT_PRODUCTS_DIR; };
		C97BE729CD8F2312B81C30A5 /* libPods-RSSReader.a */ = {isa = PBXFileReference; explicitFileType = archive.ar; includeInIndex = 0; path = "libPods-RSSReader.a"; sourceTree = BUILT_PRODUCTS_DIR; };
		CD9808459BA7CD16F6DD28E4 /* Pods-RSSReaderTests.debug.xcconfig */ = {isa = PBXFileReference; includeInIndex = 1; lastKnownFileType = text.xcconfig; name = "Pods-RSSReaderTests.debug.xcconfig"; path = "Pods/Target Support Files/Pods-RSSReaderTests/Pods-RSSReaderTests.debug.xcconfig"; sourceTree = "<group>"; };
		D471BFD24C05FFBCC0DC0162 /* Pods-RSSReader.debug.xcconfig */ = {isa = PBXFileReference; includeInIndex = 1; lastKnownFileType = text.xcconfig; name = "Pods-RSSReader.debug.xcconfig"; path = "Pods/Target Support Files/Pods-RSSReader/Pods-RSSReader.debug.xcconfig"; sourceTree = "<group>"; };
/* End PBXFileReference section */

/* Begin PBXFrameworksBuildPhase section */
		6227227F1B1DEA620050CFAD /* Frameworks */ = {
			isa = PBXFrameworksBuildPhase;
			buildActionMask = 2147483647;
			files = (
				048187C06B8B1C6123DBB2F7 /* libPods-RSSReader.a in Frameworks */,
			);
			runOnlyForDeploymentPostprocessing = 0;
		};
		6227229E1B1DEA620050CFAD /* Frameworks */ = {
			isa = PBXFrameworksBuildPhase;
			buildActionMask = 2147483647;
			files = (
				604CD966C70C2D3EC644D48F /* libPods-RSSReaderTests.a in Frameworks */,
			);
			runOnlyForDeploymentPostprocessing = 0;
		};
/* End PBXFrameworksBuildPhase section */

/* Begin PBXGroup section */
		070D8413A92EF6D08B7D7B42 /* Frameworks */ = {
			isa = PBXGroup;
			children = (
				C97BE729CD8F2312B81C30A5 /* libPods-RSSReader.a */,
				A224C0964775C33806645F9A /* libPods-RSSReaderTests.a */,
			);
			name = Frameworks;
			sourceTree = "<group>";
		};
		622722791B1DEA620050CFAD = {
			isa = PBXGroup;
			children = (
				622722841B1DEA620050CFAD /* RSSReader */,
				622722A41B1DEA620050CFAD /* RSSReaderTests */,
				622722831B1DEA620050CFAD /* Products */,
				7CA8542F117BCDB4F3CD0D6C /* Pods */,
				070D8413A92EF6D08B7D7B42 /* Frameworks */,
			);
			sourceTree = "<group>";
		};
		622722831B1DEA620050CFAD /* Products */ = {
			isa = PBXGroup;
			children = (
				622722821B1DEA620050CFAD /* RSSReader.app */,
				622722A11B1DEA620050CFAD /* RSSReaderTests.xctest */,
			);
			name = Products;
			sourceTree = "<group>";
		};
		622722841B1DEA620050CFAD /* RSSReader */ = {
			isa = PBXGroup;
			children = (
				622722891B1DEA620050CFAD /* AppDelegate.h */,
				6227228A1B1DEA620050CFAD /* AppDelegate.m */,
				622722951B1DEA620050CFAD /* Main.storyboard */,
				629A185C1B39945A001547D7 /* TitleCell.h */,
				629A185D1B39945A001547D7 /* TitleCell.m */,
				62F484601B25E545003FF322 /* ArticleCell.h */,
				62F484611B25E545003FF322 /* ArticleCell.m */,
				625199AD1B25D79D00D748CD /* FeedCell.h */,
				625199AE1B25D79D00D748CD /* FeedCell.m */,
				6227228F1B1DEA620050CFAD /* MasterViewController.h */,
				622722901B1DEA620050CFAD /* MasterViewController.m */,
				622722921B1DEA620050CFAD /* DetailViewController.h */,
				622722931B1DEA620050CFAD /* DetailViewController.m */,
				62D4E8BD1B3AF88100BCE8B1 /* Feed.h */,
				62D4E8BE1B3AF88100BCE8B1 /* Feed.m */,
				62D4E8C61B3AFBD700BCE8B1 /* Feed+Counter.h */,
				62D4E8C71B3AFBD700BCE8B1 /* Feed+Counter.m */,
				62D4E8CC1B3AFC9A00BCE8B1 /* FeedParser.h */,
				62D4E8CD1B3AFC9A00BCE8B1 /* FeedParser.m */,
				62D4E8BF1B3AF88100BCE8B1 /* Article.h */,
				62D4E8C01B3AF88100BCE8B1 /* Article.m */,
				622722981B1DEA620050CFAD /* Images.xcassets */,
				6227229A1B1DEA620050CFAD /* LaunchScreen.xib */,
				6227228C1B1DEA620050CFAD /* RSSReader.xcdatamodeld */,
				622722851B1DEA620050CFAD /* Supporting Files */,
			);
			path = RSSReader;
			sourceTree = "<group>";
		};
		622722851B1DEA620050CFAD /* Supporting Files */ = {
			isa = PBXGroup;
			children = (
				62302F211B30853600FF1C60 /* browser.png */,
				622722861B1DEA620050CFAD /* Info.plist */,
				622722871B1DEA620050CFAD /* main.m */,
			);
			name = "Supporting Files";
			sourceTree = "<group>";
		};
		622722A41B1DEA620050CFAD /* RSSReaderTests */ = {
			isa = PBXGroup;
			children = (
				625E1D231B415D28004AB1BE /* FeedTest.m */,
				625E1D211B415AB3004AB1BE /* FeedParserTest.m */,
				625E1D251B41658F004AB1BE /* Feed+CounterTest.m */,
				621F13881B42E554001A97A8 /* UITest.m */,
				622722A51B1DEA620050CFAD /* Supporting Files */,
			);
			path = RSSReaderTests;
			sourceTree = "<group>";
		};
		622722A51B1DEA620050CFAD /* Supporting Files */ = {
			isa = PBXGroup;
			children = (
				622722A61B1DEA620050CFAD /* Info.plist */,
			);
			name = "Supporting Files";
			sourceTree = "<group>";
		};
		7CA8542F117BCDB4F3CD0D6C /* Pods */ = {
			isa = PBXGroup;
			children = (
				D471BFD24C05FFBCC0DC0162 /* Pods-RSSReader.debug.xcconfig */,
				874B4E00D45AD0862B44E9EB /* Pods-RSSReader.release.xcconfig */,
				CD9808459BA7CD16F6DD28E4 /* Pods-RSSReaderTests.debug.xcconfig */,
				00000420862645F9F405600A /* Pods-RSSReaderTests.release.xcconfig */,
			);
			name = Pods;
			sourceTree = "<group>";
		};
/* End PBXGroup section */

/* Begin PBXNativeTarget section */
		622722811B1DEA620050CFAD /* RSSReader */ = {
			isa = PBXNativeTarget;
			buildConfigurationList = 622722AB1B1DEA620050CFAD /* Build configuration list for PBXNativeTarget "RSSReader" */;
			buildPhases = (
				B6740B34E8E9CDFD8DCD0B40 /* Check Pods Manifest.lock */,
				6227227E1B1DEA620050CFAD /* Sources */,
				6227227F1B1DEA620050CFAD /* Frameworks */,
				622722801B1DEA620050CFAD /* Resources */,
				3A63E46AC25D4A3B2EA365A0 /* Copy Pods Resources */,
			);
			buildRules = (
			);
			dependencies = (
			);
			name = RSSReader;
			productName = RSSReader;
			productReference = 622722821B1DEA620050CFAD /* RSSReader.app */;
			productType = "com.apple.product-type.application";
		};
		622722A01B1DEA620050CFAD /* RSSReaderTests */ = {
			isa = PBXNativeTarget;
			buildConfigurationList = 622722AE1B1DEA620050CFAD /* Build configuration list for PBXNativeTarget "RSSReaderTests" */;
			buildPhases = (
				28A1E83309F649807F82AC5C /* Check Pods Manifest.lock */,
				6227229D1B1DEA620050CFAD /* Sources */,
				6227229E1B1DEA620050CFAD /* Frameworks */,
				6227229F1B1DEA620050CFAD /* Resources */,
				A9A05808005D226B9653F2A9 /* Copy Pods Resources */,
			);
			buildRules = (
			);
			dependencies = (
				622722A31B1DEA620050CFAD /* PBXTargetDependency */,
			);
			name = RSSReaderTests;
			productName = RSSReaderTests;
			productReference = 622722A11B1DEA620050CFAD /* RSSReaderTests.xctest */;
			productType = "com.apple.product-type.bundle.unit-test";
		};
/* End PBXNativeTarget section */

/* Begin PBXProject section */
		6227227A1B1DEA620050CFAD /* Project object */ = {
			isa = PBXProject;
			attributes = {
				LastUpgradeCheck = 0630;
				ORGANIZATIONNAME = Bitfall;
				TargetAttributes = {
					622722811B1DEA620050CFAD = {
						CreatedOnToolsVersion = 6.3.1;
					};
					622722A01B1DEA620050CFAD = {
						CreatedOnToolsVersion = 6.3.1;
						TestTargetID = 622722811B1DEA620050CFAD;
					};
				};
			};
			buildConfigurationList = 6227227D1B1DEA620050CFAD /* Build configuration list for PBXProject "RSSReader" */;
			compatibilityVersion = "Xcode 3.2";
			developmentRegion = English;
			hasScannedForEncodings = 0;
			knownRegions = (
				en,
				Base,
			);
			mainGroup = 622722791B1DEA620050CFAD;
			productRefGroup = 622722831B1DEA620050CFAD /* Products */;
			projectDirPath = "";
			projectRoot = "";
			targets = (
				622722811B1DEA620050CFAD /* RSSReader */,
				622722A01B1DEA620050CFAD /* RSSReaderTests */,
			);
		};
/* End PBXProject section */

/* Begin PBXResourcesBuildPhase section */
		622722801B1DEA620050CFAD /* Resources */ = {
			isa = PBXResourcesBuildPhase;
			buildActionMask = 2147483647;
			files = (
				622722971B1DEA620050CFAD /* Main.storyboard in Resources */,
				6227229C1B1DEA620050CFAD /* LaunchScreen.xib in Resources */,
				62302F221B30853600FF1C60 /* browser.png in Resources */,
				622722991B1DEA620050CFAD /* Images.xcassets in Resources */,
			);
			runOnlyForDeploymentPostprocessing = 0;
		};
		6227229F1B1DEA620050CFAD /* Resources */ = {
			isa = PBXResourcesBuildPhase;
			buildActionMask = 2147483647;
			files = (
			);
			runOnlyForDeploymentPostprocessing = 0;
		};
/* End PBXResourcesBuildPhase section */

/* Begin PBXShellScriptBuildPhase section */
		28A1E83309F649807F82AC5C /* Check Pods Manifest.lock */ = {
			isa = PBXShellScriptBuildPhase;
			buildActionMask = 2147483647;
			files = (
			);
			inputPaths = (
			);
			name = "Check Pods Manifest.lock";
			outputPaths = (
			);
			runOnlyForDeploymentPostprocessing = 0;
			shellPath = /bin/sh;
			shellScript = "diff \"${PODS_ROOT}/../Podfile.lock\" \"${PODS_ROOT}/Manifest.lock\" > /dev/null\nif [[ $? != 0 ]] ; then\n    cat << EOM\nerror: The sandbox is not in sync with the Podfile.lock. Run 'pod install' or update your CocoaPods installation.\nEOM\n    exit 1\nfi\n";
			showEnvVarsInLog = 0;
		};
		3A63E46AC25D4A3B2EA365A0 /* Copy Pods Resources */ = {
			isa = PBXShellScriptBuildPhase;
			buildActionMask = 2147483647;
			files = (
			);
			inputPaths = (
			);
			name = "Copy Pods Resources";
			outputPaths = (
			);
			runOnlyForDeploymentPostprocessing = 0;
			shellPath = /bin/sh;
			shellScript = "\"${SRCROOT}/Pods/Target Support Files/Pods-RSSReader/Pods-RSSReader-resources.sh\"\n";
			showEnvVarsInLog = 0;
		};
		A9A05808005D226B9653F2A9 /* Copy Pods Resources */ = {
			isa = PBXShellScriptBuildPhase;
			buildActionMask = 2147483647;
			files = (
			);
			inputPaths = (
			);
			name = "Copy Pods Resources";
			outputPaths = (
			);
			runOnlyForDeploymentPostprocessing = 0;
			shellPath = /bin/sh;
			shellScript = "\"${SRCROOT}/Pods/Target Support Files/Pods-RSSReaderTests/Pods-RSSReaderTests-resources.sh\"\n";
			showEnvVarsInLog = 0;
		};
		B6740B34E8E9CDFD8DCD0B40 /* Check Pods Manifest.lock */ = {
			isa = PBXShellScriptBuildPhase;
			buildActionMask = 2147483647;
			files = (
			);
			inputPaths = (
			);
			name = "Check Pods Manifest.lock";
			outputPaths = (
			);
			runOnlyForDeploymentPostprocessing = 0;
			shellPath = /bin/sh;
			shellScript = "diff \"${PODS_ROOT}/../Podfile.lock\" \"${PODS_ROOT}/Manifest.lock\" > /dev/null\nif [[ $? != 0 ]] ; then\n    cat << EOM\nerror: The sandbox is not in sync with the Podfile.lock. Run 'pod install' or update your CocoaPods installation.\nEOM\n    exit 1\nfi\n";
			showEnvVarsInLog = 0;
		};
/* End PBXShellScriptBuildPhase section */

/* Begin PBXSourcesBuildPhase section */
		6227227E1B1DEA620050CFAD /* Sources */ = {
			isa = PBXSourcesBuildPhase;
			buildActionMask = 2147483647;
			files = (
				62D4E8CE1B3AFC9A00BCE8B1 /* FeedParser.m in Sources */,
				62D4E8C21B3AF88100BCE8B1 /* Article.m in Sources */,
				62D4E8C81B3AFBD700BCE8B1 /* Feed+Counter.m in Sources */,
				622722941B1DEA620050CFAD /* DetailViewController.m in Sources */,
				625199AF1B25D79D00D748CD /* FeedCell.m in Sources */,
				622722911B1DEA620050CFAD /* MasterViewController.m in Sources */,
				62D4E8C11B3AF88100BCE8B1 /* Feed.m in Sources */,
				629A185E1B39945A001547D7 /* TitleCell.m in Sources */,
				62F484621B25E545003FF322 /* ArticleCell.m in Sources */,
				6227228E1B1DEA620050CFAD /* RSSReader.xcdatamodeld in Sources */,
				6227228B1B1DEA620050CFAD /* AppDelegate.m in Sources */,
				622722881B1DEA620050CFAD /* main.m in Sources */,
			);
			runOnlyForDeploymentPostprocessing = 0;
		};
		6227229D1B1DEA620050CFAD /* Sources */ = {
			isa = PBXSourcesBuildPhase;
			buildActionMask = 2147483647;
			files = (
				625E1D221B415AB3004AB1BE /* FeedParserTest.m in Sources */,
				621F13891B42E554001A97A8 /* UITest.m in Sources */,
				625E1D241B415D28004AB1BE /* FeedTest.m in Sources */,
				625E1D261B41658F004AB1BE /* Feed+CounterTest.m in Sources */,
			);
			runOnlyForDeploymentPostprocessing = 0;
		};
/* End PBXSourcesBuildPhase section */

/* Begin PBXTargetDependency section */
		622722A31B1DEA620050CFAD /* PBXTargetDependency */ = {
			isa = PBXTargetDependency;
			target = 622722811B1DEA620050CFAD /* RSSReader */;
			targetProxy = 622722A21B1DEA620050CFAD /* PBXContainerItemProxy */;
		};
/* End PBXTargetDependency section */

/* Begin PBXVariantGroup section */
		622722951B1DEA620050CFAD /* Main.storyboard */ = {
			isa = PBXVariantGroup;
			children = (
				622722961B1DEA620050CFAD /* Base */,
			);
			name = Main.storyboard;
			sourceTree = "<group>";
		};
		6227229A1B1DEA620050CFAD /* LaunchScreen.xib */ = {
			isa = PBXVariantGroup;
			children = (
				6227229B1B1DEA620050CFAD /* Base */,
			);
			name = LaunchScreen.xib;
			sourceTree = "<group>";
		};
/* End PBXVariantGroup section */

/* Begin XCBuildConfiguration section */
		622722A91B1DEA620050CFAD /* Debug */ = {
			isa = XCBuildConfiguration;
			buildSettings = {
				ALWAYS_SEARCH_USER_PATHS = NO;
				CLANG_CXX_LANGUAGE_STANDARD = "gnu++0x";
				CLANG_CXX_LIBRARY = "libc++";
				CLANG_ENABLE_MODULES = YES;
				CLANG_ENABLE_OBJC_ARC = YES;
				CLANG_WARN_BOOL_CONVERSION = YES;
				CLANG_WARN_CONSTANT_CONVERSION = YES;
				CLANG_WARN_DIRECT_OBJC_ISA_USAGE = YES_ERROR;
				CLANG_WARN_EMPTY_BODY = YES;
				CLANG_WARN_ENUM_CONVERSION = YES;
				CLANG_WARN_INT_CONVERSION = YES;
				CLANG_WARN_OBJC_ROOT_CLASS = YES_ERROR;
				CLANG_WARN_UNREACHABLE_CODE = YES;
				CLANG_WARN__DUPLICATE_METHOD_MATCH = YES;
				"CODE_SIGN_IDENTITY[sdk=iphoneos*]" = "iPhone Developer";
				COPY_PHASE_STRIP = NO;
				DEBUG_INFORMATION_FORMAT = "dwarf-with-dsym";
				ENABLE_STRICT_OBJC_MSGSEND = YES;
				GCC_C_LANGUAGE_STANDARD = gnu99;
				GCC_DYNAMIC_NO_PIC = NO;
				GCC_NO_COMMON_BLOCKS = YES;
				GCC_OPTIMIZATION_LEVEL = 0;
				GCC_PREPROCESSOR_DEFINITIONS = (
					"DEBUG=1",
					"$(inherited)",
				);
				GCC_SYMBOLS_PRIVATE_EXTERN = NO;
				GCC_WARN_64_TO_32_BIT_CONVERSION = YES;
				GCC_WARN_ABOUT_RETURN_TYPE = YES_ERROR;
				GCC_WARN_UNDECLARED_SELECTOR = YES;
				GCC_WARN_UNINITIALIZED_AUTOS = YES_AGGRESSIVE;
				GCC_WARN_UNUSED_FUNCTION = YES;
				GCC_WARN_UNUSED_VARIABLE = YES;
				IPHONEOS_DEPLOYMENT_TARGET = 8.3;
				MTL_ENABLE_DEBUG_INFO = YES;
				ONLY_ACTIVE_ARCH = YES;
				SDKROOT = iphoneos;
			};
			name = Debug;
		};
		622722AA1B1DEA620050CFAD /* Release */ = {
			isa = XCBuildConfiguration;
			buildSettings = {
				ALWAYS_SEARCH_USER_PATHS = NO;
				CLANG_CXX_LANGUAGE_STANDARD = "gnu++0x";
				CLANG_CXX_LIBRARY = "libc++";
				CLANG_ENABLE_MODULES = YES;
				CLANG_ENABLE_OBJC_ARC = YES;
				CLANG_WARN_BOOL_CONVERSION = YES;
				CLANG_WARN_CONSTANT_CONVERSION = YES;
				CLANG_WARN_DIRECT_OBJC_ISA_USAGE = YES_ERROR;
				CLANG_WARN_EMPTY_BODY = YES;
				CLANG_WARN_ENUM_CONVERSION = YES;
				CLANG_WARN_INT_CONVERSION = YES;
				CLANG_WARN_OBJC_ROOT_CLASS = YES_ERROR;
				CLANG_WARN_UNREACHABLE_CODE = YES;
				CLANG_WARN__DUPLICATE_METHOD_MATCH = YES;
				"CODE_SIGN_IDENTITY[sdk=iphoneos*]" = "iPhone Developer";
				COPY_PHASE_STRIP = NO;
				DEBUG_INFORMATION_FORMAT = "dwarf-with-dsym";
				ENABLE_NS_ASSERTIONS = NO;
				ENABLE_STRICT_OBJC_MSGSEND = YES;
				GCC_C_LANGUAGE_STANDARD = gnu99;
				GCC_NO_COMMON_BLOCKS = YES;
				GCC_WARN_64_TO_32_BIT_CONVERSION = YES;
				GCC_WARN_ABOUT_RETURN_TYPE = YES_ERROR;
				GCC_WARN_UNDECLARED_SELECTOR = YES;
				GCC_WARN_UNINITIALIZED_AUTOS = YES_AGGRESSIVE;
				GCC_WARN_UNUSED_FUNCTION = YES;
				GCC_WARN_UNUSED_VARIABLE = YES;
				IPHONEOS_DEPLOYMENT_TARGET = 8.3;
				MTL_ENABLE_DEBUG_INFO = NO;
				SDKROOT = iphoneos;
				VALIDATE_PRODUCT = YES;
			};
			name = Release;
		};
		622722AC1B1DEA620050CFAD /* Debug */ = {
			isa = XCBuildConfiguration;
			baseConfigurationReference = D471BFD24C05FFBCC0DC0162 /* Pods-RSSReader.debug.xcconfig */;
			buildSettings = {
				ASSETCATALOG_COMPILER_APPICON_NAME = AppIcon;
				INFOPLIST_FILE = RSSReader/Info.plist;
				LD_RUNPATH_SEARCH_PATHS = "$(inherited) @executable_path/Frameworks";
				PRODUCT_NAME = "$(TARGET_NAME)";
			};
			name = Debug;
		};
		622722AD1B1DEA620050CFAD /* Release */ = {
			isa = XCBuildConfiguration;
			baseConfigurationReference = 874B4E00D45AD0862B44E9EB /* Pods-RSSReader.release.xcconfig */;
			buildSettings = {
				ASSETCATALOG_COMPILER_APPICON_NAME = AppIcon;
				INFOPLIST_FILE = RSSReader/Info.plist;
				LD_RUNPATH_SEARCH_PATHS = "$(inherited) @executable_path/Frameworks";
				PRODUCT_NAME = "$(TARGET_NAME)";
			};
			name = Release;
		};
		622722AF1B1DEA620050CFAD /* Debug */ = {
			isa = XCBuildConfiguration;
			baseConfigurationReference = CD9808459BA7CD16F6DD28E4 /* Pods-RSSReaderTests.debug.xcconfig */;
			buildSettings = {
				BUNDLE_LOADER = "$(TEST_HOST)";
				FRAMEWORK_SEARCH_PATHS = (
					"$(SDKROOT)/Developer/Library/Frameworks",
					"$(inherited)",
				);
				GCC_PREPROCESSOR_DEFINITIONS = (
					"DEBUG=1",
					"$(inherited)",
				);
				INFOPLIST_FILE = RSSReaderTests/Info.plist;
				LD_RUNPATH_SEARCH_PATHS = "$(inherited) @executable_path/Frameworks @loader_path/Frameworks";
				PRODUCT_NAME = "$(TARGET_NAME)";
				TEST_HOST = "$(BUILT_PRODUCTS_DIR)/RSSReader.app/RSSReader";
			};
			name = Debug;
		};
		622722B01B1DEA620050CFAD /* Release */ = {
			isa = XCBuildConfiguration;
			baseConfigurationReference = 00000420862645F9F405600A /* Pods-RSSReaderTests.release.xcconfig */;
			buildSettings = {
				BUNDLE_LOADER = "$(TEST_HOST)";
				FRAMEWORK_SEARCH_PATHS = (
					"$(SDKROOT)/Developer/Library/Frameworks",
					"$(inherited)",
				);
				INFOPLIST_FILE = RSSReaderTests/Info.plist;
				LD_RUNPATH_SEARCH_PATHS = "$(inherited) @executable_path/Frameworks @loader_path/Frameworks";
				PRODUCT_NAME = "$(TARGET_NAME)";
				TEST_HOST = "$(BUILT_PRODUCTS_DIR)/RSSReader.app/RSSReader";
			};
			name = Release;
		};
/* End XCBuildConfiguration section */

/* Begin XCConfigurationList section */
		6227227D1B1DEA620050CFAD /* Build configuration list for PBXProject "RSSReader" */ = {
			isa = XCConfigurationList;
			buildConfigurations = (
				622722A91B1DEA620050CFAD /* Debug */,
				622722AA1B1DEA620050CFAD /* Release */,
			);
			defaultConfigurationIsVisible = 0;
			defaultConfigurationName = Release;
		};
		622722AB1B1DEA620050CFAD /* Build configuration list for PBXNativeTarget "RSSReader" */ = {
			isa = XCConfigurationList;
			buildConfigurations = (
				622722AC1B1DEA620050CFAD /* Debug */,
				622722AD1B1DEA620050CFAD /* Release */,
			);
			defaultConfigurationIsVisible = 0;
			defaultConfigurationName = Release;
		};
		622722AE1B1DEA620050CFAD /* Build configuration list for PBXNativeTarget "RSSReaderTests" */ = {
			isa = XCConfigurationList;
			buildConfigurations = (
				622722AF1B1DEA620050CFAD /* Debug */,
				622722B01B1DEA620050CFAD /* Release */,
			);
			defaultConfigurationIsVisible = 0;
			defaultConfigurationName = Release;
		};
/* End XCConfigurationList section */

/* Begin XCVersionGroup section */
		6227228C1B1DEA620050CFAD /* RSSReader.xcdatamodeld */ = {
			isa = XCVersionGroup;
			children = (
				6227228D1B1DEA620050CFAD /* RSSReader.xcdatamodel */,
			);
			currentVersion = 6227228D1B1DEA620050CFAD /* RSSReader.xcdatamodel */;
			path = RSSReader.xcdatamodeld;
			sourceTree = "<group>";
			versionGroupType = wrapper.xcdatamodel;
		};
/* End XCVersionGroup section */
	};
	rootObject = 6227227A1B1DEA620050CFAD /* Project object */;
}
